{
  "name": "svgtree",
  "version": "1.0.0",
  "lockfileVersion": 1,
  "requires": true,
  "dependencies": {
    "@types/d3": {
      "version": "3.5.42",
      "resolved": "https://registry.npmjs.org/@types/d3/-/d3-3.5.42.tgz",
      "integrity": "sha512-jKnkXluwSAzkvR19zjCHvLYgsWuDqpeE79NrhWrqhKqrx3sgTRqqt4SKaxSy+N7mt1J04Xy4L0/cKdfIgnjzVQ==",
      "dev": true
    },
    "@types/d3-selection": {
      "version": "1.4.1",
      "resolved": "https://registry.npmjs.org/@types/d3-selection/-/d3-selection-1.4.1.tgz",
      "integrity": "sha512-bv8IfFYo/xG6dxri9OwDnK3yCagYPeRIjTlrcdYJSx+FDWlCeBDepIHUpqROmhPtZ53jyna0aUajZRk0I3rXNA==",
      "dev": true
    },
    "@types/d3-selection-multi": {
      "version": "1.0.7",
      "resolved": "https://registry.npmjs.org/@types/d3-selection-multi/-/d3-selection-multi-1.0.7.tgz",
      "integrity": "sha512-LfOq7ICu0mRCuwKkXxVtwpdlN/sFWsjlTYAgyVSGkhtLLmeeY+xW3nC+V2WlVqWWpqGbin2vzkY88cmwrqZ1Yw==",
      "dev": true,
      "requires": {
        "@types/d3-selection": "*",
        "@types/d3-transition": "*"
      }
    },
    "@types/d3-transition": {
      "version": "1.1.4",
      "resolved": "https://registry.npmjs.org/@types/d3-transition/-/d3-transition-1.1.4.tgz",
      "integrity": "sha512-/vsmKVUIXEyCcIXYAlw7bnYkIs9/J/nZbptRJFKUN3FdXq/dF6j9z9xXzerkyU6TDHLrMrwx9eGwdKyTIy/j9w==",
      "dev": true,
      "requires": {
        "@types/d3-selection": "*"
      }
    },
    "typescript": {
      "version": "3.5.3",
      "resolved": "https://registry.npmjs.org/typescript/-/typescript-3.5.3.tgz",
      "integrity": "sha512-ACzBtm/PhXBDId6a6sDJfroT2pOWt/oOnk4/dElG5G33ZL776N3Y6/6bKZJBFpd+b05F3Ct9qDjMeJmRWtE2/g==",
      "dev": true
    }
  }
}
